
Microsoft Visual Studio Solution File, Format Version 12.00
# Visual Studio Version 17
VisualStudioVersion = 17.13.35825.156 d17.13
MinimumVisualStudioVersion = 10.0.40219.1
Project("{FAE04EC0-301F-11D3-BF4B-00C04F79EFBC}") = "Movies.Api", "Movies.Api\Movies.Api.csproj", "{3AA4FD77-6FBE-4105-9B02-A36DDC54C252}"
EndProject
Project("{FAE04EC0-301F-11D3-BF4B-00C04F79EFBC}") = "Movies.Application", "Movies.Application\Movies.Application.csproj", "{662E45AE-71D5-42AC-997C-1E2B144861E1}"
EndProject
Project("{FAE04EC0-301F-11D3-BF4B-00C04F79EFBC}") = "Movies.Contracts", "Movies.Contracts\Movies.Contracts.csproj", "{15A4AA32-1484-4147-AACB-30AB2A3DEA36}"
EndProject
Global
	GlobalSection(SolutionConfigurationPlatforms) = preSolution
		Debug|Any CPU = Debug|Any CPU
		Release|Any CPU = Release|Any CPU
	EndGlobalSection
	GlobalSection(ProjectConfigurationPlatforms) = postSolution
		{3AA4FD77-6FBE-4105-9B02-A36DDC54C252}.Debug|Any CPU.ActiveCfg = Debug|Any CPU
		{3AA4FD77-6FBE-4105-9B02-A36DDC54C252}.Debug|Any CPU.Build.0 = Debug|Any CPU
		{3AA4FD77-6FBE-4105-9B02-A36DDC54C252}.Release|Any CPU.ActiveCfg = Release|Any CPU
		{3AA4FD77-6FBE-4105-9B02-A36DDC54C252}.Release|Any CPU.Build.0 = Release|Any CPU
		{662E45AE-71D5-42AC-997C-1E2B144861E1}.Debug|Any CPU.ActiveCfg = Debug|Any CPU
		{662E45AE-71D5-42AC-997C-1E2B144861E1}.Debug|Any CPU.Build.0 = Debug|Any CPU
		{662E45AE-71D5-42AC-997C-1E2B144861E1}.Release|Any CPU.ActiveCfg = Release|Any CPU
		{662E45AE-71D5-42AC-997C-1E2B144861E1}.Release|Any CPU.Build.0 = Release|Any CPU
		{15A4AA32-1484-4147-AACB-30AB2A3DEA36}.Debug|Any CPU.ActiveCfg = Debug|Any CPU
		{15A4AA32-1484-4147-AACB-30AB2A3DEA36}.Debug|Any CPU.Build.0 = Debug|Any CPU
		{15A4AA32-1484-4147-AACB-30AB2A3DEA36}.Release|Any CPU.ActiveCfg = Release|Any CPU
		{15A4AA32-1484-4147-AACB-30AB2A3DEA36}.Release|Any CPU.Build.0 = Release|Any CPU
	EndGlobalSection
	GlobalSection(SolutionProperties) = preSolution
		HideSolutionNode = FALSE
	EndGlobalSection
	GlobalSection(ExtensibilityGlobals) = postSolution
		SolutionGuid = {4B02A340-30CB-4231-93A8-3A7694471B68}
	EndGlobalSection
EndGlobal
